
Microsoft Visual Studio Solution File, Format Version 12.00
# Visual Studio Version 17
VisualStudioVersion = 17.14.37012.4 d17.14
MinimumVisualStudioVersion = 10.0.40219.1
Project("{FAE04EC0-301F-11D3-BF4B-00C04F79EFBC}") = "ASPA005_1", "ASPA005_1\ASPA005_1.csproj", "{1E966042-4846-4740-9FE9-75FA56E52732}"
EndProject
Project("{FAE04EC0-301F-11D3-BF4B-00C04F79EFBC}") = "DAL004", "DAL004\DAL004.csproj", "{7F5EED59-06A8-D822-43EF-4FCE7EC73B71}"
EndProject
Project("{FAE04EC0-301F-11D3-BF4B-00C04F79EFBC}") = "ASPA005_2", "ASPA005_2\ASPA005_2.csproj", "{FAF71427-5E05-40FF-9864-705318267226}"
EndProject
Project("{FAE04EC0-301F-11D3-BF4B-00C04F79EFBC}") = "ASPA005_3", "ASPA005_3\ASPA005_3.csproj", "{CEC9D57C-0D27-4E2D-8469-6EF252D96BBB}"
EndProject
Project("{FAE04EC0-301F-11D3-BF4B-00C04F79EFBC}") = "Test_ASPA005_3", "Test_ASPA005_3\Test_ASPA005_3.csproj", "{A3E64FF6-CE5F-4FA7-B337-270CFC183B0F}"
EndProject
Global
	GlobalSection(SolutionConfigurationPlatforms) = preSolution
		Debug|Any CPU = Debug|Any CPU
		Release|Any CPU = Release|Any CPU
	EndGlobalSection
	GlobalSection(ProjectConfigurationPlatforms) = postSolution
		{1E966042-4846-4740-9FE9-75FA56E52732}.Debug|Any CPU.ActiveCfg = Debug|Any CPU
		{1E966042-4846-4740-9FE9-75FA56E52732}.Debug|Any CPU.Build.0 = Debug|Any CPU
		{1E966042-4846-4740-9FE9-75FA56E52732}.Release|Any CPU.ActiveCfg = Release|Any CPU
		{1E966042-4846-4740-9FE9-75FA56E52732}.Release|Any CPU.Build.0 = Release|Any CPU
		{7F5EED59-06A8-D822-43EF-4FCE7EC73B71}.Debug|Any CPU.ActiveCfg = Debug|Any CPU
		{7F5EED59-06A8-D822-43EF-4FCE7EC73B71}.Debug|Any CPU.Build.0 = Debug|Any CPU
		{7F5EED59-06A8-D822-43EF-4FCE7EC73B71}.Release|Any CPU.ActiveCfg = Release|Any CPU
		{7F5EED59-06A8-D822-43EF-4FCE7EC73B71}.Release|Any CPU.Build.0 = Release|Any CPU
		{FAF71427-5E05-40FF-9864-705318267226}.Debug|Any CPU.ActiveCfg = Debug|Any CPU
		{FAF71427-5E05-40FF-9864-705318267226}.Debug|Any CPU.Build.0 = Debug|Any CPU
		{FAF71427-5E05-40FF-9864-705318267226}.Release|Any CPU.ActiveCfg = Release|Any CPU
		{FAF71427-5E05-40FF-9864-705318267226}.Release|Any CPU.Build.0 = Release|Any CPU
		{CEC9D57C-0D27-4E2D-8469-6EF252D96BBB}.Debug|Any CPU.ActiveCfg = Debug|Any CPU
		{CEC9D57C-0D27-4E2D-8469-6EF252D96BBB}.Debug|Any CPU.Build.0 = Debug|Any CPU
		{CEC9D57C-0D27-4E2D-8469-6EF252D96BBB}.Release|Any CPU.ActiveCfg = Release|Any CPU
		{CEC9D57C-0D27-4E2D-8469-6EF252D96BBB}.Release|Any CPU.Build.0 = Release|Any CPU
		{A3E64FF6-CE5F-4FA7-B337-270CFC183B0F}.Debug|Any CPU.ActiveCfg = Debug|Any CPU
		{A3E64FF6-CE5F-4FA7-B337-270CFC183B0F}.Debug|Any CPU.Build.0 = Debug|Any CPU
		{A3E64FF6-CE5F-4FA7-B337-270CFC183B0F}.Release|Any CPU.ActiveCfg = Release|Any CPU
		{A3E64FF6-CE5F-4FA7-B337-270CFC183B0F}.Release|Any CPU.Build.0 = Release|Any CPU
	EndGlobalSection
	GlobalSection(SolutionProperties) = preSolution
		HideSolutionNode = FALSE
	EndGlobalSection
	GlobalSection(ExtensibilityGlobals) = postSolution
		SolutionGuid = {9134BEAE-4E85-42DB-B78D-ECBA599940F1}
	EndGlobalSection
EndGlobal
