
Microsoft Visual Studio Solution File, Format Version 12.00
# Visual Studio Version 17
VisualStudioVersion = 17.14.36930.0 d17.14
MinimumVisualStudioVersion = 10.0.40219.1
Project("{FAE04EC0-301F-11D3-BF4B-00C04F79EFBC}") = "ASPA002_1", "ASPA002_1\ASPA002_1.csproj", "{A3FB760D-5000-43FE-8204-05E4A82C7C58}"
EndProject
Project("{FAE04EC0-301F-11D3-BF4B-00C04F79EFBC}") = "ASPA002_2", "ASPA002_2\ASPA002_2.csproj", "{7FD8CCEA-E935-471E-8C7B-9194A7650640}"
EndProject
Project("{FAE04EC0-301F-11D3-BF4B-00C04F79EFBC}") = "ASPA002_3", "ASPA002_3\ASPA002_3.csproj", "{42B0E47F-AB83-4328-8816-491E0C6B3C77}"
EndProject
Global
	GlobalSection(SolutionConfigurationPlatforms) = preSolution
		Debug|Any CPU = Debug|Any CPU
		Release|Any CPU = Release|Any CPU
	EndGlobalSection
	GlobalSection(ProjectConfigurationPlatforms) = postSolution
		{A3FB760D-5000-43FE-8204-05E4A82C7C58}.Debug|Any CPU.ActiveCfg = Debug|Any CPU
		{A3FB760D-5000-43FE-8204-05E4A82C7C58}.Debug|Any CPU.Build.0 = Debug|Any CPU
		{A3FB760D-5000-43FE-8204-05E4A82C7C58}.Release|Any CPU.ActiveCfg = Release|Any CPU
		{A3FB760D-5000-43FE-8204-05E4A82C7C58}.Release|Any CPU.Build.0 = Release|Any CPU
		{7FD8CCEA-E935-471E-8C7B-9194A7650640}.Debug|Any CPU.ActiveCfg = Debug|Any CPU
		{7FD8CCEA-E935-471E-8C7B-9194A7650640}.Debug|Any CPU.Build.0 = Debug|Any CPU
		{7FD8CCEA-E935-471E-8C7B-9194A7650640}.Release|Any CPU.ActiveCfg = Release|Any CPU
		{7FD8CCEA-E935-471E-8C7B-9194A7650640}.Release|Any CPU.Build.0 = Release|Any CPU
		{42B0E47F-AB83-4328-8816-491E0C6B3C77}.Debug|Any CPU.ActiveCfg = Debug|Any CPU
		{42B0E47F-AB83-4328-8816-491E0C6B3C77}.Debug|Any CPU.Build.0 = Debug|Any CPU
		{42B0E47F-AB83-4328-8816-491E0C6B3C77}.Release|Any CPU.ActiveCfg = Release|Any CPU
		{42B0E47F-AB83-4328-8816-491E0C6B3C77}.Release|Any CPU.Build.0 = Release|Any CPU
	EndGlobalSection
	GlobalSection(SolutionProperties) = preSolution
		HideSolutionNode = FALSE
	EndGlobalSection
	GlobalSection(ExtensibilityGlobals) = postSolution
		SolutionGuid = {A1ED5714-18D5-4CCC-8893-644DED7C871D}
	EndGlobalSection
EndGlobal
