
Microsoft Visual Studio Solution File, Format Version 12.00
# Visual Studio Version 17
VisualStudioVersion = 17.14.36429.23 d17.14
MinimumVisualStudioVersion = 10.0.40219.1
Project("{FAE04EC0-301F-11D3-BF4B-00C04F79EFBC}") = "ASPA001", "ASPA001.csproj", "{136B7D86-78F5-4464-8D56-7444C4466D91}"
EndProject
Global
	GlobalSection(SolutionConfigurationPlatforms) = preSolution
		Debug|Any CPU = Debug|Any CPU
		Release|Any CPU = Release|Any CPU
	EndGlobalSection
	GlobalSection(ProjectConfigurationPlatforms) = postSolution
		{136B7D86-78F5-4464-8D56-7444C4466D91}.Debug|Any CPU.ActiveCfg = Debug|Any CPU
		{136B7D86-78F5-4464-8D56-7444C4466D91}.Debug|Any CPU.Build.0 = Debug|Any CPU
		{136B7D86-78F5-4464-8D56-7444C4466D91}.Release|Any CPU.ActiveCfg = Release|Any CPU
		{136B7D86-78F5-4464-8D56-7444C4466D91}.Release|Any CPU.Build.0 = Release|Any CPU
	EndGlobalSection
	GlobalSection(SolutionProperties) = preSolution
		HideSolutionNode = FALSE
	EndGlobalSection
	GlobalSection(ExtensibilityGlobals) = postSolution
		SolutionGuid = {AB02C2D9-A571-4B2C-86FB-412B8EC3F30F}
	EndGlobalSection
EndGlobal
